dependencies:
  espressif/button:
    component_hash: 30a3f495c3862d505ce6e41adbbd218b2750e9723ab2151feff00e9fe685b326
    dependencies:
    - name: espressif/cmake_utilities
      registry_url: https://components.espressif.com
      require: private
      version: 0.*
    - name: idf
      require: private
      version: '>=4.0'
    source:
      registry_url: https://components.espressif.com
      type: service
    version: 3.5.0
  espressif/cmake_utilities:
    component_hash: 351350613ceafba240b761b4ea991e0f231ac7a9f59a9ee901f751bddc0bb18f
    dependencies:
    - name: idf
      registry_url: https://components.espressif.com
      require: private
      version: '>=4.1'
    source:
      registry_url: https://components.espressif.com/
      type: service
    version: 0.5.3
  espressif/esp32_s3_usb_otg:
    component_hash: 4d593a257bbd0e659e5039199ba541314ca33be9b17e85719ba7f375c5988e4d
    dependencies:
    - name: espressif/button
      registry_url: https://components.espressif.com
      require: public
      version: '>=2.5,<4.0'
    - name: espressif/esp_lvgl_port
      registry_url: https://components.espressif.com
      require: public
      version: ^2
    - name: idf
      require: private
      version: '>=4.4'
    source:
      registry_url: https://components.espressif.com/
      type: service
    targets:
    - esp32s3
    version: 1.6.2
  espressif/esp_lvgl_port:
    component_hash: bb938deffba7d80b2ce582a796c053681b0439e0a7033666688e0f1f5b921125
    dependencies:
    - name: idf
      require: private
      version: '>=4.4'
    - name: lvgl/lvgl
      registry_url: https://components.espressif.com
      require: public
      version: '>=8,<10'
    source:
      registry_url: https://components.espressif.com
      type: service
    version: 2.5.0
  idf:
    source:
      type: idf
    version: 5.3.2
  lvgl/lvgl:
    component_hash: 096c69af22eaf8a2b721e3913da91918c5e6bf1a762a113ec01f401aa61337a0
    dependencies: []
    source:
      registry_url: https://components.espressif.com
      type: service
    version: 9.2.2
  usb_stream:
    dependencies:
    - name: idf
      version: '>=4.4.1'
    - name: espressif/cmake_utilities
      version: 0.5.*
    source:
      path: C:\Users\DELL\Desktop\esp-iot-solution-master\components\usb\usb_stream
      type: local
    targets:
    - esp32s2
    - esp32s3
    version: 1.5.0
direct_dependencies:
- espressif/esp32_s3_usb_otg
- idf
- usb_stream
manifest_hash: 741772b737ab753c52281532004b628734810ea1fe2f607c11f501e9b0c890d6
target: esp32s3
version: 2.0.0
